
Microsoft Visual Studio Solution File, Format Version 12.00
# Visual Studio 15
VisualStudioVersion = 15.0.27130.0
MinimumVisualStudioVersion = 10.0.40219.1
Project("{FAE04EC0-301F-11D3-BF4B-00C04F79EFBC}") = "HomeSafe.Android", "HomeSafe\HomeSafe.Android\HomeSafe.Android.csproj", "{6754CB38-9F23-4719-A742-8E66EE646736}"
EndProject
Project("{FAE04EC0-301F-11D3-BF4B-00C04F79EFBC}") = "HomeSafe.iOS", "HomeSafe\HomeSafe.iOS\HomeSafe.iOS.csproj", "{549C4F62-4912-4509-B1FF-A7C1C802B291}"
EndProject
Project("{FAE04EC0-301F-11D3-BF4B-00C04F79EFBC}") = "HomeSafe", "HomeSafe\HomeSafe\HomeSafe.csproj", "{886299E7-866B-4B9A-9A6F-593F7AE3E17E}"
EndProject
Global
	GlobalSection(SolutionConfigurationPlatforms) = preSolution
		Ad-Hoc|Any CPU = Ad-Hoc|Any CPU
		Ad-Hoc|iPhone = Ad-Hoc|iPhone
		Ad-Hoc|iPhoneSimulator = Ad-Hoc|iPhoneSimulator
		AppStore|Any CPU = AppStore|Any CPU
		AppStore|iPhone = AppStore|iPhone
		AppStore|iPhoneSimulator = AppStore|iPhoneSimulator
		Debug|Any CPU = Debug|Any CPU
		Debug|iPhone = Debug|iPhone
		Debug|iPhoneSimulator = Debug|iPhoneSimulator
		Release|Any CPU = Release|Any CPU
		Release|iPhone = Release|iPhone
		Release|iPhoneSimulator = Release|iPhoneSimulator
	EndGlobalSection
	GlobalSection(ProjectConfigurationPlatforms) = postSolution
		{6754CB38-9F23-4719-A742-8E66EE646736}.Ad-Hoc|Any CPU.ActiveCfg = Release|Any CPU
		{6754CB38-9F23-4719-A742-8E66EE646736}.Ad-Hoc|Any CPU.Build.0 = Release|Any CPU
		{6754CB38-9F23-4719-A742-8E66EE646736}.Ad-Hoc|Any CPU.Deploy.0 = Release|Any CPU
		{6754CB38-9F23-4719-A742-8E66EE646736}.Ad-Hoc|iPhone.ActiveCfg = Release|Any CPU
		{6754CB38-9F23-4719-A742-8E66EE646736}.Ad-Hoc|iPhone.Build.0 = Release|Any CPU
		{6754CB38-9F23-4719-A742-8E66EE646736}.Ad-Hoc|iPhone.Deploy.0 = Release|Any CPU
		{6754CB38-9F23-4719-A742-8E66EE646736}.Ad-Hoc|iPhoneSimulator.ActiveCfg = Release|Any CPU
		{6754CB38-9F23-4719-A742-8E66EE646736}.Ad-Hoc|iPhoneSimulator.Build.0 = Release|Any CPU
		{6754CB38-9F23-4719-A742-8E66EE646736}.Ad-Hoc|iPhoneSimulator.Deploy.0 = Release|Any CPU
		{6754CB38-9F23-4719-A742-8E66EE646736}.AppStore|Any CPU.ActiveCfg = Release|Any CPU
		{6754CB38-9F23-4719-A742-8E66EE646736}.AppStore|Any CPU.Build.0 = Release|Any CPU
		{6754CB38-9F23-4719-A742-8E66EE646736}.AppStore|Any CPU.Deploy.0 = Release|Any CPU
		{6754CB38-9F23-4719-A742-8E66EE646736}.AppStore|iPhone.ActiveCfg = Release|Any CPU
		{6754CB38-9F23-4719-A742-8E66EE646736}.AppStore|iPhone.Build.0 = Release|Any CPU
		{6754CB38-9F23-4719-A742-8E66EE646736}.AppStore|iPhone.Deploy.0 = Release|Any CPU
		{6754CB38-9F23-4719-A742-8E66EE646736}.AppStore|iPhoneSimulator.ActiveCfg = Release|Any CPU
		{6754CB38-9F23-4719-A742-8E66EE646736}.AppStore|iPhoneSimulator.Build.0 = Release|Any CPU
		{6754CB38-9F23-4719-A742-8E66EE646736}.AppStore|iPhoneSimulator.Deploy.0 = Release|Any CPU
		{6754CB38-9F23-4719-A742-8E66EE646736}.Debug|Any CPU.ActiveCfg = Debug|Any CPU
		{6754CB38-9F23-4719-A742-8E66EE646736}.Debug|Any CPU.Build.0 = Debug|Any CPU
		{6754CB38-9F23-4719-A742-8E66EE646736}.Debug|Any CPU.Deploy.0 = Debug|Any CPU
		{6754CB38-9F23-4719-A742-8E66EE646736}.Debug|iPhone.ActiveCfg = Debug|Any CPU
		{6754CB38-9F23-4719-A742-8E66EE646736}.Debug|iPhone.Build.0 = Debug|Any CPU
		{6754CB38-9F23-4719-A742-8E66EE646736}.Debug|iPhone.Deploy.0 = Debug|Any CPU
		{6754CB38-9F23-4719-A742-8E66EE646736}.Debug|iPhoneSimulator.ActiveCfg = Debug|Any CPU
		{6754CB38-9F23-4719-A742-8E66EE646736}.Debug|iPhoneSimulator.Build.0 = Debug|Any CPU
		{6754CB38-9F23-4719-A742-8E66EE646736}.Debug|iPhoneSimulator.Deploy.0 = Debug|Any CPU
		{6754CB38-9F23-4719-A742-8E66EE646736}.Release|Any CPU.ActiveCfg = Release|Any CPU
		{6754CB38-9F23-4719-A742-8E66EE646736}.Release|Any CPU.Build.0 = Release|Any CPU
		{6754CB38-9F23-4719-A742-8E66EE646736}.Release|Any CPU.Deploy.0 = Release|Any CPU
		{6754CB38-9F23-4719-A742-8E66EE646736}.Release|iPhone.ActiveCfg = Release|Any CPU
		{6754CB38-9F23-4719-A742-8E66EE646736}.Release|iPhone.Build.0 = Release|Any CPU
		{6754CB38-9F23-4719-A742-8E66EE646736}.Release|iPhone.Deploy.0 = Release|Any CPU
		{6754CB38-9F23-4719-A742-8E66EE646736}.Release|iPhoneSimulator.ActiveCfg = Release|Any CPU
		{6754CB38-9F23-4719-A742-8E66EE646736}.Release|iPhoneSimulator.Build.0 = Release|Any CPU
		{6754CB38-9F23-4719-A742-8E66EE646736}.Release|iPhoneSimulator.Deploy.0 = Release|Any CPU
		{549C4F62-4912-4509-B1FF-A7C1C802B291}.Ad-Hoc|Any CPU.ActiveCfg = Ad-Hoc|iPhone
		{549C4F62-4912-4509-B1FF-A7C1C802B291}.Ad-Hoc|iPhone.ActiveCfg = Ad-Hoc|iPhone
		{549C4F62-4912-4509-B1FF-A7C1C802B291}.Ad-Hoc|iPhone.Build.0 = Ad-Hoc|iPhone
		{549C4F62-4912-4509-B1FF-A7C1C802B291}.Ad-Hoc|iPhoneSimulator.ActiveCfg = Ad-Hoc|iPhoneSimulator
		{549C4F62-4912-4509-B1FF-A7C1C802B291}.Ad-Hoc|iPhoneSimulator.Build.0 = Ad-Hoc|iPhoneSimulator
		{549C4F62-4912-4509-B1FF-A7C1C802B291}.AppStore|Any CPU.ActiveCfg = AppStore|iPhone
		{549C4F62-4912-4509-B1FF-A7C1C802B291}.AppStore|iPhone.ActiveCfg = AppStore|iPhone
		{549C4F62-4912-4509-B1FF-A7C1C802B291}.AppStore|iPhone.Build.0 = AppStore|iPhone
		{549C4F62-4912-4509-B1FF-A7C1C802B291}.AppStore|iPhoneSimulator.ActiveCfg = AppStore|iPhoneSimulator
		{549C4F62-4912-4509-B1FF-A7C1C802B291}.AppStore|iPhoneSimulator.Build.0 = AppStore|iPhoneSimulator
		{549C4F62-4912-4509-B1FF-A7C1C802B291}.Debug|Any CPU.ActiveCfg = Debug|iPhone
		{549C4F62-4912-4509-B1FF-A7C1C802B291}.Debug|iPhone.ActiveCfg = Debug|iPhone
		{549C4F62-4912-4509-B1FF-A7C1C802B291}.Debug|iPhone.Build.0 = Debug|iPhone
		{549C4F62-4912-4509-B1FF-A7C1C802B291}.Debug|iPhoneSimulator.ActiveCfg = Debug|iPhoneSimulator
		{549C4F62-4912-4509-B1FF-A7C1C802B291}.Debug|iPhoneSimulator.Build.0 = Debug|iPhoneSimulator
		{549C4F62-4912-4509-B1FF-A7C1C802B291}.Release|Any CPU.ActiveCfg = Release|iPhone
		{549C4F62-4912-4509-B1FF-A7C1C802B291}.Release|iPhone.ActiveCfg = Release|iPhone
		{549C4F62-4912-4509-B1FF-A7C1C802B291}.Release|iPhone.Build.0 = Release|iPhone
		{549C4F62-4912-4509-B1FF-A7C1C802B291}.Release|iPhoneSimulator.ActiveCfg = Release|iPhoneSimulator
		{549C4F62-4912-4509-B1FF-A7C1C802B291}.Release|iPhoneSimulator.Build.0 = Release|iPhoneSimulator
		{886299E7-866B-4B9A-9A6F-593F7AE3E17E}.Ad-Hoc|Any CPU.ActiveCfg = Debug|Any CPU
		{886299E7-866B-4B9A-9A6F-593F7AE3E17E}.Ad-Hoc|Any CPU.Build.0 = Debug|Any CPU
		{886299E7-866B-4B9A-9A6F-593F7AE3E17E}.Ad-Hoc|iPhone.ActiveCfg = Debug|Any CPU
		{886299E7-866B-4B9A-9A6F-593F7AE3E17E}.Ad-Hoc|iPhone.Build.0 = Debug|Any CPU
		{886299E7-866B-4B9A-9A6F-593F7AE3E17E}.Ad-Hoc|iPhoneSimulator.ActiveCfg = Debug|Any CPU
		{886299E7-866B-4B9A-9A6F-593F7AE3E17E}.Ad-Hoc|iPhoneSimulator.Build.0 = Debug|Any CPU
		{886299E7-866B-4B9A-9A6F-593F7AE3E17E}.AppStore|Any CPU.ActiveCfg = Debug|Any CPU
		{886299E7-866B-4B9A-9A6F-593F7AE3E17E}.AppStore|Any CPU.Build.0 = Debug|Any CPU
		{886299E7-866B-4B9A-9A6F-593F7AE3E17E}.AppStore|iPhone.ActiveCfg = Debug|Any CPU
		{886299E7-866B-4B9A-9A6F-593F7AE3E17E}.AppStore|iPhone.Build.0 = Debug|Any CPU
		{886299E7-866B-4B9A-9A6F-593F7AE3E17E}.AppStore|iPhoneSimulator.ActiveCfg = Debug|Any CPU
		{886299E7-866B-4B9A-9A6F-593F7AE3E17E}.AppStore|iPhoneSimulator.Build.0 = Debug|Any CPU
		{886299E7-866B-4B9A-9A6F-593F7AE3E17E}.Debug|Any CPU.ActiveCfg = Debug|Any CPU
		{886299E7-866B-4B9A-9A6F-593F7AE3E17E}.Debug|Any CPU.Build.0 = Debug|Any CPU
		{886299E7-866B-4B9A-9A6F-593F7AE3E17E}.Debug|iPhone.ActiveCfg = Debug|Any CPU
		{886299E7-866B-4B9A-9A6F-593F7AE3E17E}.Debug|iPhone.Build.0 = Debug|Any CPU
		{886299E7-866B-4B9A-9A6F-593F7AE3E17E}.Debug|iPhoneSimulator.ActiveCfg = Debug|Any CPU
		{886299E7-866B-4B9A-9A6F-593F7AE3E17E}.Debug|iPhoneSimulator.Build.0 = Debug|Any CPU
		{886299E7-866B-4B9A-9A6F-593F7AE3E17E}.Release|Any CPU.ActiveCfg = Release|Any CPU
		{886299E7-866B-4B9A-9A6F-593F7AE3E17E}.Release|Any CPU.Build.0 = Release|Any CPU
		{886299E7-866B-4B9A-9A6F-593F7AE3E17E}.Release|iPhone.ActiveCfg = Release|Any CPU
		{886299E7-866B-4B9A-9A6F-593F7AE3E17E}.Release|iPhone.Build.0 = Release|Any CPU
		{886299E7-866B-4B9A-9A6F-593F7AE3E17E}.Release|iPhoneSimulator.ActiveCfg = Release|Any CPU
		{886299E7-866B-4B9A-9A6F-593F7AE3E17E}.Release|iPhoneSimulator.Build.0 = Release|Any CPU
	EndGlobalSection
	GlobalSection(SolutionProperties) = preSolution
		HideSolutionNode = FALSE
	EndGlobalSection
	GlobalSection(ExtensibilityGlobals) = postSolution
		SolutionGuid = {C0499416-B745-47EB-A97B-52F702E94A9F}
	EndGlobalSection
EndGlobal
